
Microsoft Visual Studio Solution File, Format Version 12.00
# Visual Studio Version 16
VisualStudioVersion = 16.0.31911.196
MinimumVisualStudioVersion = 10.0.40219.1
Project("{FAE04EC0-301F-11D3-BF4B-00C04F79EFBC}") = "miaoi_lab1", "miaoi_lab1\miaoi_lab1.csproj", "{D1AC42A3-DD12-4E1D-999A-01242374DF1A}"
EndProject
Global
	GlobalSection(SolutionConfigurationPlatforms) = preSolution
		Debug|Any CPU = Debug|Any CPU
		Release|Any CPU = Release|Any CPU
	EndGlobalSection
	GlobalSection(ProjectConfigurationPlatforms) = postSolution
		{D1AC42A3-DD12-4E1D-999A-01242374DF1A}.Debug|Any CPU.ActiveCfg = Debug|Any CPU
		{D1AC42A3-DD12-4E1D-999A-01242374DF1A}.Debug|Any CPU.Build.0 = Debug|Any CPU
		{D1AC42A3-DD12-4E1D-999A-01242374DF1A}.Release|Any CPU.ActiveCfg = Release|Any CPU
		{D1AC42A3-DD12-4E1D-999A-01242374DF1A}.Release|Any CPU.Build.0 = Release|Any CPU
	EndGlobalSection
	GlobalSection(SolutionProperties) = preSolution
		HideSolutionNode = FALSE
	EndGlobalSection
	GlobalSection(ExtensibilityGlobals) = postSolution
		SolutionGuid = {8DD5533C-1155-41A6-89B1-E58DDCFF2473}
	EndGlobalSection
EndGlobal
